# THIS IS AN AUTOGENERATED FILE. DO NOT EDIT THIS FILE DIRECTLY.
# yarn lockfile v1


"@babel/code-frame@^7.10.4":
  version "7.18.6"
  resolved "https://registry.npmmirror.com/@babel/code-frame/-/code-frame-7.18.6.tgz#3b25d38c89600baa2dcc219edfa88a74eb2c427a"
  integrity sha512-TDCmlK5eOvH+eH7cdAFlNXeVJqWIQ7gW9tY1GJIpUtFb6CmjVyq2VM3u71bOyR8CRihcCgMUYoDNyLXao3+70Q==
  dependencies:
    "@babel/highlight" "^7.18.6"

"@babel/helper-validator-identifier@^7.18.6":
  version "7.19.1"
  resolved "https://registry.npmmirror.com/@babel/helper-validator-identifier/-/helper-validator-identifier-7.19.1.tgz#7eea834cf32901ffdc1a7ee555e2f9c27e249ca2"
  integrity sha512-awrNfaMtnHUr653GgGEs++LlAvW6w+DcPrOliSMXWCKo597CwL5Acf/wWdNkf/tfEQE3mjkeD1YOVZOUV/od1w==

"@babel/highlight@^7.18.6":
  version "7.18.6"
  resolved "https://registry.npmmirror.com/@babel/highlight/-/highlight-7.18.6.tgz#81158601e93e2563795adcbfbdf5d64be3f2ecdf"
  integrity sha512-u7stbOuYjaPezCuLj29hNW1v64M2Md2qupEKP1fHc7WdOA3DgLh37suiSrZYY7haUB7iBeQZ9P1uiRF359do3g==
  dependencies:
    "@babel/helper-validator-identifier" "^7.18.6"
    chalk "^2.0.0"
    js-tokens "^4.0.0"

"@codemirror/autocomplete@^0.19.0":
  version "0.19.15"
  resolved "https://registry.npmmirror.com/@codemirror/autocomplete/-/autocomplete-0.19.15.tgz#061f09063dc2a68668d85d7ac8430c7bc6df1a82"
  integrity sha512-GQWzvvuXxNUyaEk+5gawbAD8s51/v2Chb++nx0e2eGWrphWk42isBtzOMdc3DxrxrZtPZ55q2ldNp+6G8KJLIQ==
  dependencies:
    "@codemirror/language" "^0.19.0"
    "@codemirror/state" "^0.19.4"
    "@codemirror/text" "^0.19.2"
    "@codemirror/tooltip" "^0.19.12"
    "@codemirror/view" "^0.19.0"
    "@lezer/common" "^0.15.0"

"@codemirror/closebrackets@^0.19.0":
  version "0.19.2"
  resolved "https://registry.npmmirror.com/@codemirror/closebrackets/-/closebrackets-0.19.2.tgz#ff74dd78218cee57172623eb9ebf7b669fa6f4d4"
  integrity sha512-ClMPzPcPP0eQiDcVjtVPl6OLxgdtZSYDazsvT0AKl70V1OJva0eHgl4/6kCW3RZ0pb2n34i9nJz4eXCmK+TYDA==
  dependencies:
    "@codemirror/language" "^0.19.0"
    "@codemirror/rangeset" "^0.19.0"
    "@codemirror/state" "^0.19.2"
    "@codemirror/text" "^0.19.0"
    "@codemirror/view" "^0.19.44"

"@codemirror/commands@^0.19.5":
  version "0.19.8"
  resolved "https://registry.npmmirror.com/@codemirror/commands/-/commands-0.19.8.tgz#1f99c1a8bf200d17c4d6997379099459f3678107"
  integrity sha512-65LIMSGUGGpY3oH6mzV46YWRrgao6NmfJ+AuC7jNz3K5NPnH6GCV1H5I6SwOFyVbkiygGyd0EFwrWqywTBD1aw==
  dependencies:
    "@codemirror/language" "^0.19.0"
    "@codemirror/matchbrackets" "^0.19.0"
    "@codemirror/state" "^0.19.2"
    "@codemirror/text" "^0.19.6"
    "@codemirror/view" "^0.19.22"
    "@lezer/common" "^0.15.0"

"@codemirror/comment@^0.19.0":
  version "0.19.1"
  resolved "https://registry.npmmirror.com/@codemirror/comment/-/comment-0.19.1.tgz#7def8345eeb9095ef1ef33676fbde1ab4fe33fad"
  integrity sha512-uGKteBuVWAC6fW+Yt8u27DOnXMT/xV4Ekk2Z5mRsiADCZDqYvryrJd6PLL5+8t64BVyocwQwNfz1UswYS2CtFQ==
  dependencies:
    "@codemirror/state" "^0.19.9"
    "@codemirror/text" "^0.19.0"
    "@codemirror/view" "^0.19.0"

"@codemirror/gutter@^0.19.2", "@codemirror/gutter@^0.19.4":
  version "0.19.9"
  resolved "https://registry.npmmirror.com/@codemirror/gutter/-/gutter-0.19.9.tgz#bbb69f4d49570d9c1b3f3df5d134980c516cd42b"
  integrity sha512-PFrtmilahin1g6uL27aG5tM/rqR9DZzZYZsIrCXA5Uc2OFTFqx4owuhoU9hqfYxHp5ovfvBwQ+txFzqS4vog6Q==
  dependencies:
    "@codemirror/rangeset" "^0.19.0"
    "@codemirror/state" "^0.19.0"
    "@codemirror/view" "^0.19.23"

"@codemirror/highlight@^0.19.0", "@codemirror/highlight@^0.19.6", "@codemirror/highlight@^0.19.7":
  version "0.19.8"
  resolved "https://registry.npmmirror.com/@codemirror/highlight/-/highlight-0.19.8.tgz#a95aee8ae4389b01f820aa79c48f7b4388087d92"
  integrity sha512-v/lzuHjrYR8MN2mEJcUD6fHSTXXli9C1XGYpr+ElV6fLBIUhMTNKR3qThp611xuWfXfwDxeL7ppcbkM/MzPV3A==
  dependencies:
    "@codemirror/language" "^0.19.0"
    "@codemirror/rangeset" "^0.19.0"
    "@codemirror/state" "^0.19.3"
    "@codemirror/view" "^0.19.39"
    "@lezer/common" "^0.15.0"
    style-mod "^4.0.0"

"@codemirror/history@^0.19.0":
  version "0.19.2"
  resolved "https://registry.npmmirror.com/@codemirror/history/-/history-0.19.2.tgz#25e3fda755f77ac1223a6ae6e9d7899f5919265e"
  integrity sha512-unhP4t3N2smzmHoo/Yio6ueWi+il8gm9VKrvi6wlcdGH5fOfVDNkmjHQ495SiR+EdOG35+3iNebSPYww0vN7ow==
  dependencies:
    "@codemirror/state" "^0.19.2"
    "@codemirror/view" "^0.19.0"

"@codemirror/lang-cpp@^0.19.0":
  version "0.19.1"
  resolved "https://registry.npmmirror.com/@codemirror/lang-cpp/-/lang-cpp-0.19.1.tgz#7b25e85077bf695106d344a2bd790575093a34fb"
  integrity sha512-BGvZkfcqcalAwxocuE9DhH6gqflm5IjL/8mGTzc8bHzeP1N4innK8qo2G69ohEML4LDZv4WyXc3y4C9/zsGCGQ==
  dependencies:
    "@codemirror/highlight" "^0.19.0"
    "@codemirror/language" "^0.19.0"
    "@lezer/cpp" "^0.15.0"

"@codemirror/lang-css@^0.19.0":
  version "0.19.3"
  resolved "https://registry.npmmirror.com/@codemirror/lang-css/-/lang-css-0.19.3.tgz#7a17adf78c6fcdab4ad5ee4e360631c41e949e4a"
  integrity sha512-tyCUJR42/UlfOPLb94/p7dN+IPsYSIzHbAHP2KQHANj0I+Orqp+IyIOS++M8TuCX4zkWh9dvi8s92yy/Tn8Ifg==
  dependencies:
    "@codemirror/autocomplete" "^0.19.0"
    "@codemirror/highlight" "^0.19.6"
    "@codemirror/language" "^0.19.0"
    "@codemirror/state" "^0.19.0"
    "@lezer/css" "^0.15.2"

"@codemirror/lang-html@^0.19.0":
  version "0.19.4"
  resolved "https://registry.npmmirror.com/@codemirror/lang-html/-/lang-html-0.19.4.tgz#e6eec28462f18842a0e108732a214a7416b5e333"
  integrity sha512-GpiEikNuCBeFnS+/TJSeanwqaOfNm8Kkp9WpVNEPZCLyW1mAMCuFJu/3xlWYeWc778Hc3vJqGn3bn+cLNubgCA==
  dependencies:
    "@codemirror/autocomplete" "^0.19.0"
    "@codemirror/highlight" "^0.19.6"
    "@codemirror/lang-css" "^0.19.0"
    "@codemirror/lang-javascript" "^0.19.0"
    "@codemirror/language" "^0.19.0"
    "@codemirror/state" "^0.19.0"
    "@lezer/common" "^0.15.0"
    "@lezer/html" "^0.15.0"

"@codemirror/lang-java@^0.19.0":
  version "0.19.1"
  resolved "https://registry.npmmirror.com/@codemirror/lang-java/-/lang-java-0.19.1.tgz#c6bafabf3e1951d7a6a5bd4670afd277b909608c"
  integrity sha512-yA3kcW2GgY0mC2a9dE+uRxGxPWeykfE/GqEPk4TSmhuU4ndmyDgM5QQP7pgnYSZmv2vKoyf4x7NMg8AF7lKXHQ==
  dependencies:
    "@codemirror/highlight" "^0.19.0"
    "@codemirror/language" "^0.19.0"
    "@lezer/java" "^0.15.0"

"@codemirror/lang-javascript@^0.19.0":
  version "0.19.7"
  resolved "https://registry.npmmirror.com/@codemirror/lang-javascript/-/lang-javascript-0.19.7.tgz#84581ef6abf2a16d78f017ffc96c2d6227de5eb5"
  integrity sha512-DL9f3JLqOEHH9cIwEqqjnP5bkjdVXeECksLtV+/MbPm+l4H+AG+PkwZaJQ2oR1GfPZKh8MVSIE94aGWNkJP8WQ==
  dependencies:
    "@codemirror/autocomplete" "^0.19.0"
    "@codemirror/highlight" "^0.19.7"
    "@codemirror/language" "^0.19.0"
    "@codemirror/lint" "^0.19.0"
    "@codemirror/state" "^0.19.0"
    "@codemirror/view" "^0.19.0"
    "@lezer/javascript" "^0.15.1"

"@codemirror/lang-json@^0.19.0":
  version "0.19.2"
  resolved "https://registry.npmmirror.com/@codemirror/lang-json/-/lang-json-0.19.2.tgz#b311a0c16382343261fdc3cbda72f09a61ade7db"
  integrity sha512-fgUWR58Is59P5D/tiazX6oTczioOCDYqjFT5PEBAmLBFMSsRqcnJE0xNO1snrhg7pWEFDq5wR/oN0eZhkeR6Gg==
  dependencies:
    "@codemirror/highlight" "^0.19.0"
    "@codemirror/language" "^0.19.0"
    "@lezer/json" "^0.15.0"

"@codemirror/lang-markdown@^0.19.0", "@codemirror/lang-markdown@^0.19.1":
  version "0.19.6"
  resolved "https://registry.npmmirror.com/@codemirror/lang-markdown/-/lang-markdown-0.19.6.tgz#761301d276fcfbdf88440f0333785efd71c2a4f5"
  integrity sha512-ojoHeLgv1Rfu0GNGsU0bCtXAIp5dy4VKjndHScITQdlCkS/+SAIfuoeowEx+nMAQwTxI+/9fQZ3xdZVznGFYug==
  dependencies:
    "@codemirror/highlight" "^0.19.0"
    "@codemirror/lang-html" "^0.19.0"
    "@codemirror/language" "^0.19.0"
    "@codemirror/state" "^0.19.3"
    "@codemirror/view" "^0.19.0"
    "@lezer/common" "^0.15.0"
    "@lezer/markdown" "^0.15.0"

"@codemirror/lang-php@^0.19.0":
  version "0.19.1"
  resolved "https://registry.npmmirror.com/@codemirror/lang-php/-/lang-php-0.19.1.tgz#ff17f844376988140fc01bddd5690c9644151010"
  integrity sha512-Q6djLACHu1J6XbnxWlEPCiyqqDrlZLi9QtjY6b9vqdkq/GOsNaXVv44nDY8DD6Bxi5yYRTJ3yh8XzsKuJgztjQ==
  dependencies:
    "@codemirror/highlight" "^0.19.0"
    "@codemirror/lang-html" "^0.19.0"
    "@codemirror/language" "^0.19.0"
    "@codemirror/state" "^0.19.0"
    "@lezer/common" "^0.15.0"
    "@lezer/php" "^0.15.0"

"@codemirror/lang-python@^0.19.0":
  version "0.19.5"
  resolved "https://registry.npmmirror.com/@codemirror/lang-python/-/lang-python-0.19.5.tgz#52ad893c45d9a20fdd9841ebfe1d6de52e1dead1"
  integrity sha512-MQf7t0k6+i9KCzlFCI8EY+jjwyXLy5AwjmXsMyMCMbOw/97j70jFZYrs7Mm7RJakNE2rypWhnLGlyBTSYMqR5g==
  dependencies:
    "@codemirror/highlight" "^0.19.7"
    "@codemirror/language" "^0.19.0"
    "@lezer/python" "^0.15.0"

"@codemirror/lang-rust@^0.19.0":
  version "0.19.2"
  resolved "https://registry.npmmirror.com/@codemirror/lang-rust/-/lang-rust-0.19.2.tgz#39e32e1a817fafdd8eac23a8904785cf0fc9cc29"
  integrity sha512-SEXsO7Qf2gktRvVhHMc0Mq4HzPBpFcQlrlcinafy6VFXavWs+QAIB8UAuLG/igOc3PrIHbZFlyEhVUIGstox8w==
  dependencies:
    "@codemirror/highlight" "^0.19.7"
    "@codemirror/language" "^0.19.0"
    "@lezer/rust" "^0.15.0"

"@codemirror/lang-sql@^0.19.0":
  version "0.19.4"
  resolved "https://registry.npmmirror.com/@codemirror/lang-sql/-/lang-sql-0.19.4.tgz#2baa6f0c341cc6cd075a4f313ac78f3f822b3a39"
  integrity sha512-4FqLC8aNe1iCDyAWbJmSqa8K7rgz2xTwW36V35z4oiyLoyOLsCayKIwoQqp5DNIq2ckGCsyzotgxXKpgtg/pgg==
  dependencies:
    "@codemirror/autocomplete" "^0.19.0"
    "@codemirror/highlight" "^0.19.0"
    "@codemirror/language" "^0.19.0"
    "@codemirror/state" "^0.19.0"
    "@lezer/lr" "^0.15.0"

"@codemirror/lang-wast@^0.19.0":
  version "0.19.0"
  resolved "https://registry.npmmirror.com/@codemirror/lang-wast/-/lang-wast-0.19.0.tgz#abd4534e206f97214969af6ae68b84636a6d169b"
  integrity sha512-mr/Bp4k8+fJ0P8/Q6L45pnX7/bDBk4VP8ahYrTdvHo+UaOqBBhBFtBqBikvX8ZDQiUTfuZ4tnJE2QtOvmFsuzg==
  dependencies:
    "@codemirror/highlight" "^0.19.0"
    "@codemirror/language" "^0.19.0"
    "@lezer/lr" "^0.15.0"

"@codemirror/lang-xml@^0.19.0":
  version "0.19.2"
  resolved "https://registry.npmmirror.com/@codemirror/lang-xml/-/lang-xml-0.19.2.tgz#877bd064bcd396435c628e476bfccb22d4977a0a"
  integrity sha512-9VIjxvqcH1sk8bmYbxQon0lXhVZgdHdfjGes+e4Akgvb43aMBDNvIQVALwrCb+XMEHTxLUMQtrsBN0G64yCUXw==
  dependencies:
    "@codemirror/autocomplete" "^0.19.0"
    "@codemirror/highlight" "^0.19.6"
    "@codemirror/language" "^0.19.0"
    "@codemirror/state" "^0.19.0"
    "@lezer/common" "^0.15.0"
    "@lezer/xml" "^0.15.0"

"@codemirror/language-data@^0.19.0":
  version "0.19.2"
  resolved "https://registry.npmmirror.com/@codemirror/language-data/-/language-data-0.19.2.tgz#39260c6d985f79701746632ab94933de6b20eed9"
  integrity sha512-O38TaBfzqs5vK8Z+ZlAmaGqciQxgtAXacOTSq22ZLrsKmYMbeFZNHCqDL6VMG2wOt1jtRnfJD56chONwaPRUVQ==
  dependencies:
    "@codemirror/lang-cpp" "^0.19.0"
    "@codemirror/lang-css" "^0.19.0"
    "@codemirror/lang-html" "^0.19.0"
    "@codemirror/lang-java" "^0.19.0"
    "@codemirror/lang-javascript" "^0.19.0"
    "@codemirror/lang-json" "^0.19.0"
    "@codemirror/lang-markdown" "^0.19.0"
    "@codemirror/lang-php" "^0.19.0"
    "@codemirror/lang-python" "^0.19.0"
    "@codemirror/lang-rust" "^0.19.0"
    "@codemirror/lang-sql" "^0.19.0"
    "@codemirror/lang-wast" "^0.19.0"
    "@codemirror/lang-xml" "^0.19.0"
    "@codemirror/language" "^0.19.0"
    "@codemirror/legacy-modes" "^0.19.0"
    "@codemirror/stream-parser" "^0.19.0"

"@codemirror/language@^0.19.0":
  version "0.19.10"
  resolved "https://registry.npmmirror.com/@codemirror/language/-/language-0.19.10.tgz#c3d1330fa5de778c6b6b5177af5572a3d9d596b5"
  integrity sha512-yA0DZ3RYn2CqAAGW62VrU8c4YxscMQn45y/I9sjBlqB1e2OTQLg4CCkMBuMSLXk4xaqjlsgazeOQWaJQOKfV8Q==
  dependencies:
    "@codemirror/state" "^0.19.0"
    "@codemirror/text" "^0.19.0"
    "@codemirror/view" "^0.19.0"
    "@lezer/common" "^0.15.5"
    "@lezer/lr" "^0.15.0"

"@codemirror/legacy-modes@^0.19.0":
  version "0.19.1"
  resolved "https://registry.npmmirror.com/@codemirror/legacy-modes/-/legacy-modes-0.19.1.tgz#7dc3b5df1842060648f75764ab6919fcfce3ea1a"
  integrity sha512-vYPLsD/ON+3SXhlGj9Qb3fpFNNU3Ya/AtDiv/g3OyqVzhh5vs5rAnOvk8xopGWRwppdhlNPD9VyXjiOmZUQtmQ==
  dependencies:
    "@codemirror/stream-parser" "^0.19.0"

"@codemirror/lint@^0.19.0":
  version "0.19.6"
  resolved "https://registry.npmmirror.com/@codemirror/lint/-/lint-0.19.6.tgz#0379688da3e16739db4a6304c73db857ca85d7ec"
  integrity sha512-Pbw1Y5kHVs2J+itQ0uez3dI4qY9ApYVap7eNfV81x1/3/BXgBkKfadaw0gqJ4h4FDG7OnJwb0VbPsjJQllHjaA==
  dependencies:
    "@codemirror/gutter" "^0.19.4"
    "@codemirror/panel" "^0.19.0"
    "@codemirror/rangeset" "^0.19.1"
    "@codemirror/state" "^0.19.4"
    "@codemirror/tooltip" "^0.19.16"
    "@codemirror/view" "^0.19.22"
    crelt "^1.0.5"

"@codemirror/matchbrackets@^0.19.0", "@codemirror/matchbrackets@^0.19.3":
  version "0.19.4"
  resolved "https://registry.npmmirror.com/@codemirror/matchbrackets/-/matchbrackets-0.19.4.tgz#50b5188eb2d53f32598dca906bf5fd66626a9ebc"
  integrity sha512-VFkaOKPNudAA5sGP1zikRHCEKU0hjYmkKpr04pybUpQvfTvNJXlReCyP0rvH/1iEwAGPL990ZTT+QrLdu4MeEA==
  dependencies:
    "@codemirror/language" "^0.19.0"
    "@codemirror/state" "^0.19.0"
    "@codemirror/view" "^0.19.0"
    "@lezer/common" "^0.15.0"

"@codemirror/panel@^0.19.0":
  version "0.19.1"
  resolved "https://registry.npmmirror.com/@codemirror/panel/-/panel-0.19.1.tgz#bf77d27b962cf16357139e50864d0eb69d634441"
  integrity sha512-sYeOCMA3KRYxZYJYn5PNlt9yNsjy3zTNTrbYSfVgjgL9QomIVgOJWPO5hZ2sTN8lufO6lw0vTBsIPL9MSidmBg==
  dependencies:
    "@codemirror/state" "^0.19.0"
    "@codemirror/view" "^0.19.0"

"@codemirror/rangeset@^0.19.0", "@codemirror/rangeset@^0.19.1", "@codemirror/rangeset@^0.19.5":
  version "0.19.9"
  resolved "https://registry.npmmirror.com/@codemirror/rangeset/-/rangeset-0.19.9.tgz#e80895de93c39dc7899f5be31d368c9d88aa4efc"
  integrity sha512-V8YUuOvK+ew87Xem+71nKcqu1SXd5QROMRLMS/ljT5/3MCxtgrRie1Cvild0G/Z2f1fpWxzX78V0U4jjXBorBQ==
  dependencies:
    "@codemirror/state" "^0.19.0"

"@codemirror/search@^0.19.2":
  version "0.19.10"
  resolved "https://registry.npmmirror.com/@codemirror/search/-/search-0.19.10.tgz#4b0d91c53278db05088624ae04f164d66fd581cd"
  integrity sha512-qjubm69HJixPBWzI6HeEghTWOOD8NXiHOTRNvdizqs8xWRuFChq9zkjD3XiAJ7GXSTzCuQJnAP9DBBGCLq4ZIA==
  dependencies:
    "@codemirror/panel" "^0.19.0"
    "@codemirror/rangeset" "^0.19.0"
    "@codemirror/state" "^0.19.3"
    "@codemirror/text" "^0.19.0"
    "@codemirror/view" "^0.19.34"
    crelt "^1.0.5"

"@codemirror/state@^0.19.0", "@codemirror/state@^0.19.2", "@codemirror/state@^0.19.3", "@codemirror/state@^0.19.4", "@codemirror/state@^0.19.9":
  version "0.19.9"
  resolved "https://registry.npmmirror.com/@codemirror/state/-/state-0.19.9.tgz#b797f9fbc204d6dc7975485e231693c09001b0dd"
  integrity sha512-psOzDolKTZkx4CgUqhBQ8T8gBc0xN5z4gzed109aF6x7D7umpDRoimacI/O6d9UGuyl4eYuDCZmDFr2Rq7aGOw==
  dependencies:
    "@codemirror/text" "^0.19.0"

"@codemirror/stream-parser@^0.19.0":
  version "0.19.9"
  resolved "https://registry.npmmirror.com/@codemirror/stream-parser/-/stream-parser-0.19.9.tgz#34955ea91a8047cf72abebd5ce28f0d332aeca48"
  integrity sha512-WTmkEFSRCetpk8xIOvV2yyXdZs3DgYckM0IP7eFi4ewlxWnJO/H4BeJZLs4wQaydWsAqTQoDyIwNH1BCzK5LUQ==
  dependencies:
    "@codemirror/highlight" "^0.19.0"
    "@codemirror/language" "^0.19.0"
    "@codemirror/state" "^0.19.0"
    "@codemirror/text" "^0.19.0"
    "@lezer/common" "^0.15.0"
    "@lezer/lr" "^0.15.0"

"@codemirror/text@^0.19.0", "@codemirror/text@^0.19.2", "@codemirror/text@^0.19.6":
  version "0.19.6"
  resolved "https://registry.npmmirror.com/@codemirror/text/-/text-0.19.6.tgz#9adcbd8137f69b75518eacd30ddb16fd67bbac45"
  integrity sha512-T9jnREMIygx+TPC1bOuepz18maGq/92q2a+n4qTqObKwvNMg+8cMTslb8yxeEDEq7S3kpgGWxgO1UWbQRij0dA==

"@codemirror/tooltip@^0.19.12", "@codemirror/tooltip@^0.19.16":
  version "0.19.16"
  resolved "https://registry.npmmirror.com/@codemirror/tooltip/-/tooltip-0.19.16.tgz#6ba2c43f9d8e3d943d9d7bbae22bf800f7726a22"
  integrity sha512-zxKDHryUV5/RS45AQL+wOeN+i7/l81wK56OMnUPoTSzCWNITfxHn7BToDsjtrRKbzHqUxKYmBnn/4hPjpZ4WJQ==
  dependencies:
    "@codemirror/state" "^0.19.0"
    "@codemirror/view" "^0.19.0"

"@codemirror/view@^0.19.0", "@codemirror/view@^0.19.22", "@codemirror/view@^0.19.23", "@codemirror/view@^0.19.34", "@codemirror/view@^0.19.39", "@codemirror/view@^0.19.44", "@codemirror/view@^0.19.9":
  version "0.19.48"
  resolved "https://registry.npmmirror.com/@codemirror/view/-/view-0.19.48.tgz#1c657e2b0f8ed896ac6448d6e2215ab115e2a0fc"
  integrity sha512-0eg7D2Nz4S8/caetCTz61rK0tkHI17V/d15Jy0kLOT8dTLGGNJUponDnW28h2B6bERmPlVHKh8MJIr5OCp1nGw==
  dependencies:
    "@codemirror/rangeset" "^0.19.5"
    "@codemirror/state" "^0.19.3"
    "@codemirror/text" "^0.19.0"
    style-mod "^4.0.0"
    w3c-keyname "^2.2.4"

"@jridgewell/gen-mapping@^0.3.0":
  version "0.3.2"
  resolved "https://registry.npmmirror.com/@jridgewell/gen-mapping/-/gen-mapping-0.3.2.tgz#c1aedc61e853f2bb9f5dfe6d4442d3b565b253b9"
  integrity sha512-mh65xKQAzI6iBcFzwv28KVWSmCkdRBWoOh+bYQGW3+6OZvbbN3TqMGo5hqYxQniRcH9F2VZIoJCm4pa3BPDK/A==
  dependencies:
    "@jridgewell/set-array" "^1.0.1"
    "@jridgewell/sourcemap-codec" "^1.4.10"
    "@jridgewell/trace-mapping" "^0.3.9"

"@jridgewell/resolve-uri@^3.0.3":
  version "3.1.0"
  resolved "https://registry.npmmirror.com/@jridgewell/resolve-uri/-/resolve-uri-3.1.0.tgz#2203b118c157721addfe69d47b70465463066d78"
  integrity sha512-F2msla3tad+Mfht5cJq7LSXcdudKTWCVYUgw6pLFOOHSTtZlj6SWNYAp+AhuqLmWdBO2X5hPrLcu8cVP8fy28w==

"@jridgewell/set-array@^1.0.1":
  version "1.1.2"
  resolved "https://registry.npmmirror.com/@jridgewell/set-array/-/set-array-1.1.2.tgz#7c6cf998d6d20b914c0a55a91ae928ff25965e72"
  integrity sha512-xnkseuNADM0gt2bs+BvhO0p78Mk762YnZdsuzFV018NoG1Sj1SCQvpSqa7XUaTam5vAGasABV9qXASMKnFMwMw==

"@jridgewell/source-map@^0.3.2":
  version "0.3.2"
  resolved "https://registry.npmmirror.com/@jridgewell/source-map/-/source-map-0.3.2.tgz#f45351aaed4527a298512ec72f81040c998580fb"
  integrity sha512-m7O9o2uR8k2ObDysZYzdfhb08VuEml5oWGiosa1VdaPZ/A6QyPkAJuwN0Q1lhULOf6B7MtQmHENS743hWtCrgw==
  dependencies:
    "@jridgewell/gen-mapping" "^0.3.0"
    "@jridgewell/trace-mapping" "^0.3.9"

"@jridgewell/sourcemap-codec@^1.4.10":
  version "1.4.14"
  resolved "https://registry.npmmirror.com/@jridgewell/sourcemap-codec/-/sourcemap-codec-1.4.14.tgz#add4c98d341472a289190b424efbdb096991bb24"
  integrity sha512-XPSJHWmi394fuUuzDnGz1wiKqWfo1yXecHQMRf2l6hztTO+nPru658AyDngaBe7isIxEkRsPR3FZh+s7iVa4Uw==

"@jridgewell/trace-mapping@^0.3.9":
  version "0.3.15"
  resolved "https://registry.npmmirror.com/@jridgewell/trace-mapping/-/trace-mapping-0.3.15.tgz#aba35c48a38d3fd84b37e66c9c0423f9744f9774"
  integrity sha512-oWZNOULl+UbhsgB51uuZzglikfIKSUBO/M9W2OfEjn7cmqoAiCgmv9lyACTUacZwBz0ITnJ2NqjU8Tx0DHL88g==
  dependencies:
    "@jridgewell/resolve-uri" "^3.0.3"
    "@jridgewell/sourcemap-codec" "^1.4.10"

"@lezer/common@^0.15.0", "@lezer/common@^0.15.5":
  version "0.15.12"
  resolved "https://registry.npmmirror.com/@lezer/common/-/common-0.15.12.tgz#2f21aec551dd5fd7d24eb069f90f54d5bc6ee5e9"
  integrity sha512-edfwCxNLnzq5pBA/yaIhwJ3U3Kz8VAUOTRg0hhxaizaI1N+qxV7EXDv/kLCkLeq2RzSFvxexlaj5Mzfn2kY0Ig==

"@lezer/cpp@^0.15.0":
  version "0.15.3"
  resolved "https://registry.npmmirror.com/@lezer/cpp/-/cpp-0.15.3.tgz#51499ec09da0eef9f6d7fa3f6497c57c46162c3e"
  integrity sha512-QE5YxhnoQ4eJH9G2h5r+m4Zq7d/0NmA0eAnZmiOVggI7a3jpODIXZeJbkUPf4U2yzNCSWAGpZVk8XxkA+cTZvA==
  dependencies:
    "@lezer/lr" "^0.15.0"

"@lezer/css@^0.15.2":
  version "0.15.2"
  resolved "https://registry.npmmirror.com/@lezer/css/-/css-0.15.2.tgz#e96995da67df90bb4b191aaa8a486349cca5d8e7"
  integrity sha512-tnMOMZY0Zs6JQeVjqfmREYMV0GnmZR1NitndLWioZMD6mA7VQF/PPKPmJX1f+ZgVZQc5Am0df9mX3aiJnNJlKQ==
  dependencies:
    "@lezer/lr" "^0.15.0"

"@lezer/html@^0.15.0":
  version "0.15.1"
  resolved "https://registry.npmmirror.com/@lezer/html/-/html-0.15.1.tgz#973a5a179560d0789bf8737c06e6d143cc211406"
  integrity sha512-0ZYVhu+RwN6ZMM0gNnTxenRAdoycKc2wvpLfMjP0JkKR0vMxhtuLaIpsq9KW2Mv6l7ux5vdjq8CQ7fKDvia8KA==
  dependencies:
    "@lezer/lr" "^0.15.0"

"@lezer/java@^0.15.0":
  version "0.15.0"
  resolved "https://registry.npmmirror.com/@lezer/java/-/java-0.15.0.tgz#44da269cca36a9af1ad5c862552b2f2bf5847589"
  integrity sha512-Od2Ugo93XjLxCIEKlrwJfacmSMd7lEnkVQgBjMsZofjwEKZ2Y2ue6URntMFFiftTlNXbE29vYbweWYluEq+Cdw==
  dependencies:
    "@lezer/lr" "^0.15.0"

"@lezer/javascript@^0.15.1":
  version "0.15.3"
  resolved "https://registry.npmmirror.com/@lezer/javascript/-/javascript-0.15.3.tgz#833a4c5650bae07805b9af88de6706368844dc55"
  integrity sha512-8jA2NpOfpWwSPZxRhd9BxK2ZPvGd7nLE3LFTJ5AbMhXAzMHeMjneV6GEVd7dAIee85dtap0jdb6bgOSO0+lfwA==
  dependencies:
    "@lezer/lr" "^0.15.0"

"@lezer/json@^0.15.0":
  version "0.15.0"
  resolved "https://registry.npmmirror.com/@lezer/json/-/json-0.15.0.tgz#b96c1161eb8514e05f4eaaec95c68376e76e539f"
  integrity sha512-OsMjjBkTkeQ15iMCu5U1OiBubRC4V9Wm03zdIlUgNZ20aUPx5DWDRqUc5wG41JXVSj7Lxmo+idlFCfBBdxB8sw==
  dependencies:
    "@lezer/lr" "^0.15.0"

"@lezer/lr@^0.15.0":
  version "0.15.8"
  resolved "https://registry.npmmirror.com/@lezer/lr/-/lr-0.15.8.tgz#1564a911e62b0a0f75ca63794a6aa8c5dc63db21"
  integrity sha512-bM6oE6VQZ6hIFxDNKk8bKPa14hqFrV07J/vHGOeiAbJReIaQXmkVb6xQu4MR+JBTLa5arGRyAAjJe1qaQt3Uvg==
  dependencies:
    "@lezer/common" "^0.15.0"

"@lezer/markdown@^0.15.0":
  version "0.15.6"
  resolved "https://registry.npmmirror.com/@lezer/markdown/-/markdown-0.15.6.tgz#2a826a507399b32176efdc35554397f05227d2aa"
  integrity sha512-1XXLa4q0ZthryUEfO47ipvZHxNb+sCKoQIMM9dKs5vXZOBbgF2Vah/GL3g26BFIAEc2uCv4VQnI+lSrv58BT3g==
  dependencies:
    "@lezer/common" "^0.15.0"

"@lezer/php@^0.15.0":
  version "0.15.0"
  resolved "https://registry.npmmirror.com/@lezer/php/-/php-0.15.0.tgz#d09abd0ffaf256dcfac9b78cf4e6f2ee930b9efa"
  integrity sha512-kU3QSOko0jsv3RLhABPrRD4wEhaWYh2Uh0lTj9Q9BOsBJ5SoADfifO4gHkEDav7AgL/j+ulkKiHiilciTa/RaQ==
  dependencies:
    "@lezer/lr" "^0.15.0"

"@lezer/python@^0.15.0":
  version "0.15.1"
  resolved "https://registry.npmmirror.com/@lezer/python/-/python-0.15.1.tgz#dce18dade29fd93b01c1f7fc5dee4135e947f07b"
  integrity sha512-Xdb2nh+FoxR8ssEADGsroDtsnP+EDhiPpW9zhER3h+6cpGtZ2e9Oq/Rwn9nFQRiKCfMT+AQaqC3ZgAbhbnumyQ==
  dependencies:
    "@lezer/lr" "^0.15.0"

"@lezer/rust@^0.15.0":
  version "0.15.1"
  resolved "https://registry.npmmirror.com/@lezer/rust/-/rust-0.15.1.tgz#119965e4fb4743e4eb153aae4e95fb58e9853197"
  integrity sha512-9R7Mcfe/XWodpT7bYNKoOmEAN+AOHHfma9QUTdEhqduzd1G4qsdQkGSMPfsqt24sZCkQ1EREbE/lmEp4YxTlcA==
  dependencies:
    "@lezer/lr" "^0.15.0"

"@lezer/xml@^0.15.0":
  version "0.15.1"
  resolved "https://registry.npmmirror.com/@lezer/xml/-/xml-0.15.1.tgz#ad4bb442b18bf267fd370350543239f71d2075c2"
  integrity sha512-vVh01enxM9hSGOcFtztmX+Pa460HDq5jIeft9bDCe17PUOU0nAbfo883I3cW9lUOcmWNQ3btbkmXMGjRszJE6g==
  dependencies:
    "@lezer/lr" "^0.15.0"

"@rollup/plugin-node-resolve@^13.0.5":
  version "13.3.0"
  resolved "https://registry.npmmirror.com/@rollup/plugin-node-resolve/-/plugin-node-resolve-13.3.0.tgz#da1c5c5ce8316cef96a2f823d111c1e4e498801c"
  integrity sha512-Lus8rbUo1eEcnS4yTFKLZrVumLPY+YayBdWXgFSHYhTT2iJbMhoaaBL3xl5NCdeRytErGr8tZ0L71BMRmnlwSw==
  dependencies:
    "@rollup/pluginutils" "^3.1.0"
    "@types/resolve" "1.17.1"
    deepmerge "^4.2.2"
    is-builtin-module "^3.1.0"
    is-module "^1.0.0"
    resolve "^1.19.0"

"@rollup/pluginutils@^3.1.0":
  version "3.1.0"
  resolved "https://registry.npmmirror.com/@rollup/pluginutils/-/pluginutils-3.1.0.tgz#706b4524ee6dc8b103b3c995533e5ad680c02b9b"
  integrity sha512-GksZ6pr6TpIjHm8h9lSQ8pi8BE9VeubNT0OMJ3B5uZJ8pz73NPiqOtCog/x2/QzM1ENChPKxMDhiQuRHsqc+lg==
  dependencies:
    "@types/estree" "0.0.39"
    estree-walker "^1.0.1"
    picomatch "^2.2.2"

"@types/estree@0.0.39":
  version "0.0.39"
  resolved "https://registry.npmmirror.com/@types/estree/-/estree-0.0.39.tgz#e177e699ee1b8c22d23174caaa7422644389509f"
  integrity sha512-EYNwp3bU+98cpU4lAWYYL7Zz+2gryWH1qbdDTidVd6hkiR6weksdbMadyXKXNPEkQFhXM+hVO9ZygomHXp+AIw==

"@types/node@*":
  version "18.7.23"
  resolved "https://registry.npmmirror.com/@types/node/-/node-18.7.23.tgz#75c580983846181ebe5f4abc40fe9dfb2d65665f"
  integrity sha512-DWNcCHolDq0ZKGizjx2DZjR/PqsYwAcYUJmfMWqtVU2MBMG5Mo+xFZrhGId5r/O5HOuMPyQEcM6KUBp5lBZZBg==

"@types/resolve@1.17.1":
  version "1.17.1"
  resolved "https://registry.npmmirror.com/@types/resolve/-/resolve-1.17.1.tgz#3afd6ad8967c77e4376c598a82ddd58f46ec45d6"
  integrity sha512-yy7HuzQhj0dhGpD8RLXSZWEkLsV9ibvxvi6EiJ3bkqLAO1RGo0WbkWQiwpRlSFymTJRz0d3k5LM3kkx8ArDbLw==
  dependencies:
    "@types/node" "*"

acorn@^8.5.0:
  version "8.8.0"
  resolved "https://registry.npmmirror.com/acorn/-/acorn-8.8.0.tgz#88c0187620435c7f6015803f5539dae05a9dbea8"
  integrity sha512-QOxyigPVrpZ2GXT+PFyZTl6TtOFc5egxHIP9IlQ+RbupQuX4RkT/Bee4/kQuC02Xkzg84JcT7oLYtDIQxp+v7w==

ansi-styles@^3.2.1:
  version "3.2.1"
  resolved "https://registry.npmmirror.com/ansi-styles/-/ansi-styles-3.2.1.tgz#41fbb20243e50b12be0f04b8dedbf07520ce841d"
  integrity sha512-VT0ZI6kZRdTh8YyJw3SMbYm/u+NqfsAxEpWO0Pf9sq8/e94WxxOpPKx9FR1FlyCtOVDNOQ+8ntlqFxiRc+r5qA==
  dependencies:
    color-convert "^1.9.0"

buffer-from@^1.0.0:
  version "1.1.2"
  resolved "https://registry.npmmirror.com/buffer-from/-/buffer-from-1.1.2.tgz#2b146a6fd72e80b4f55d255f35ed59a3a9a41bd5"
  integrity sha512-E+XQCRwSbaaiChtv6k6Dwgc+bx+Bs6vuKJHHl5kox/BaKbhiXzqQOwK4cO22yElGp2OCmjwVhT3HmxgyPGnJfQ==

builtin-modules@^3.3.0:
  version "3.3.0"
  resolved "https://registry.npmmirror.com/builtin-modules/-/builtin-modules-3.3.0.tgz#cae62812b89801e9656336e46223e030386be7b6"
  integrity sha512-zhaCDicdLuWN5UbN5IMnFqNMhNfo919sH85y2/ea+5Yg9TsTkeZxpL+JLbp6cgYFS4sRLp3YV4S6yDuqVWHYOw==

chalk@^2.0.0:
  version "2.4.2"
  resolved "https://registry.npmmirror.com/chalk/-/chalk-2.4.2.tgz#cd42541677a54333cf541a49108c1432b44c9424"
  integrity sha512-Mti+f9lpJNcwF4tWV8/OrTTtF1gZi+f8FqlyAdouralcFWFQWF2+NgCHShjkCb+IFBLq9buZwE1xckQU4peSuQ==
  dependencies:
    ansi-styles "^3.2.1"
    escape-string-regexp "^1.0.5"
    supports-color "^5.3.0"

color-convert@^1.9.0:
  version "1.9.3"
  resolved "https://registry.npmmirror.com/color-convert/-/color-convert-1.9.3.tgz#bb71850690e1f136567de629d2d5471deda4c1e8"
  integrity sha512-QfAUtd+vFdAtFQcC8CCyYt1fYWxSqAiK2cSD6zDB8N3cpsEBAvRxp9zOGg6G/SHHJYAT88/az/IuDGALsNVbGg==
  dependencies:
    color-name "1.1.3"

color-name@1.1.3:
  version "1.1.3"
  resolved "https://registry.npmmirror.com/color-name/-/color-name-1.1.3.tgz#a7d0558bd89c42f795dd42328f740831ca53bc25"
  integrity sha512-72fSenhMw2HZMTVHeCA9KCmpEIbzWiQsjN+BHcBbS9vr1mtt+vJjPdksIBNUmKAW8TFUDPJK5SUU3QhE9NEXDw==

commander@^2.20.0:
  version "2.20.3"
  resolved "https://registry.npmmirror.com/commander/-/commander-2.20.3.tgz#fd485e84c03eb4881c20722ba48035e8531aeb33"
  integrity sha512-GpVkmM8vF2vQUkj2LvZmD35JxeJOLCwJ9cUkugyk2nuhbv3+mJvpLYYt+0+USMxE+oj+ey/lJEnhZw75x/OMcQ==

crelt@^1.0.5:
  version "1.0.5"
  resolved "https://registry.npmmirror.com/crelt/-/crelt-1.0.5.tgz#57c0d52af8c859e354bace1883eb2e1eb182bb94"
  integrity sha512-+BO9wPPi+DWTDcNYhr/W90myha8ptzftZT+LwcmUbbok0rcP/fequmFYCw8NMoH7pkAZQzU78b3kYrlua5a9eA==

deepmerge@^4.2.2:
  version "4.2.2"
  resolved "https://registry.npmmirror.com/deepmerge/-/deepmerge-4.2.2.tgz#44d2ea3679b8f4d4ffba33f03d865fc1e7bf4955"
  integrity sha512-FJ3UgI4gIl+PHZm53knsuSFpE+nESMr7M4v9QcgB7S63Kj/6WqMiFQJpBBYz1Pt+66bZpP3Q7Lye0Oo9MPKEdg==

escape-string-regexp@^1.0.5:
  version "1.0.5"
  resolved "https://registry.npmmirror.com/escape-string-regexp/-/escape-string-regexp-1.0.5.tgz#1b61c0562190a8dff6ae3bb2cf0200ca130b86d4"
  integrity sha512-vbRorB5FUQWvla16U8R/qgaFIya2qGzwDrNmCZuYKrbdSUMG6I1ZCGQRefkRVhuOkIGVne7BQ35DSfo1qvJqFg==

estree-walker@^1.0.1:
  version "1.0.1"
  resolved "https://registry.npmmirror.com/estree-walker/-/estree-walker-1.0.1.tgz#31bc5d612c96b704106b477e6dd5d8aa138cb700"
  integrity sha512-1fMXF3YP4pZZVozF8j/ZLfvnR8NSIljt56UhbZ5PeeDmmGHpgpdwQt7ITlGvYaQukCvuBRMLEiKiYC+oeIg4cg==

fsevents@~2.3.2:
  version "2.3.2"
  resolved "https://registry.npmmirror.com/fsevents/-/fsevents-2.3.2.tgz#8a526f78b8fdf4623b709e0b975c52c24c02fd1a"
  integrity sha512-xiqMQR4xAeHTuB9uWm+fFRcIOgKBMiOBP+eXiyT7jsgVCq1bkVygt00oASowB7EdtpOHaaPgKt812P9ab+DDKA==

function-bind@^1.1.1:
  version "1.1.1"
  resolved "https://registry.npmmirror.com/function-bind/-/function-bind-1.1.1.tgz#a56899d3ea3c9bab874bb9773b7c5ede92f4895d"
  integrity sha512-yIovAzMX49sF8Yl58fSCWJ5svSLuaibPxXQJFLmBObTuCr0Mf1KiPopGM9NiFjiYBCbfaa2Fh6breQ6ANVTI0A==

has-flag@^3.0.0:
  version "3.0.0"
  resolved "https://registry.npmmirror.com/has-flag/-/has-flag-3.0.0.tgz#b5d454dc2199ae225699f3467e5a07f3b955bafd"
  integrity sha512-sKJf1+ceQBr4SMkvQnBDNDtf4TXpVhVGateu0t918bl30FnbE2m4vNLX+VWe/dpjlb+HugGYzW7uQXH98HPEYw==

has-flag@^4.0.0:
  version "4.0.0"
  resolved "https://registry.npmmirror.com/has-flag/-/has-flag-4.0.0.tgz#944771fd9c81c81265c4d6941860da06bb59479b"
  integrity sha512-EykJT/Q1KjTWctppgIAgfSO0tKVuZUjhgMr17kqTumMl6Afv3EISleU7qZUzoXDFTAHTDC4NOoG/ZxU3EvlMPQ==

has@^1.0.3:
  version "1.0.3"
  resolved "https://registry.npmmirror.com/has/-/has-1.0.3.tgz#722d7cbfc1f6aa8241f16dd814e011e1f41e8796"
  integrity sha512-f2dvO0VU6Oej7RkWJGrehjbzMAjFp5/VKPp5tTpWIV4JHHZK1/BxbFRtf/siA2SWTe09caDmVtYYzWEIbBS4zw==
  dependencies:
    function-bind "^1.1.1"

is-builtin-module@^3.1.0:
  version "3.2.0"
  resolved "https://registry.npmmirror.com/is-builtin-module/-/is-builtin-module-3.2.0.tgz#bb0310dfe881f144ca83f30100ceb10cf58835e0"
  integrity sha512-phDA4oSGt7vl1n5tJvTWooWWAsXLY+2xCnxNqvKhGEzujg+A43wPlPOyDg3C8XQHN+6k/JTQWJ/j0dQh/qr+Hw==
  dependencies:
    builtin-modules "^3.3.0"

is-core-module@^2.9.0:
  version "2.10.0"
  resolved "https://registry.npmmirror.com/is-core-module/-/is-core-module-2.10.0.tgz#9012ede0a91c69587e647514e1d5277019e728ed"
  integrity sha512-Erxj2n/LDAZ7H8WNJXd9tw38GYM3dv8rk8Zcs+jJuxYTW7sozH+SS8NtrSjVL1/vpLvWi1hxy96IzjJ3EHTJJg==
  dependencies:
    has "^1.0.3"

is-module@^1.0.0:
  version "1.0.0"
  resolved "https://registry.npmmirror.com/is-module/-/is-module-1.0.0.tgz#3258fb69f78c14d5b815d664336b4cffb6441591"
  integrity sha512-51ypPSPCoTEIN9dy5Oy+h4pShgJmPCygKfyRCISBI+JoWT/2oJvK8QPxmwv7b/p239jXrm9M1mlQbyKJ5A152g==

jest-worker@^26.2.1:
  version "26.6.2"
  resolved "https://registry.npmmirror.com/jest-worker/-/jest-worker-26.6.2.tgz#7f72cbc4d643c365e27b9fd775f9d0eaa9c7a8ed"
  integrity sha512-KWYVV1c4i+jbMpaBC+U++4Va0cp8OisU185o73T1vo99hqi7w8tSJfUXYswwqqrjzwxa6KpRK54WhPvwf5w6PQ==
  dependencies:
    "@types/node" "*"
    merge-stream "^2.0.0"
    supports-color "^7.0.0"

js-tokens@^4.0.0:
  version "4.0.0"
  resolved "https://registry.npmmirror.com/js-tokens/-/js-tokens-4.0.0.tgz#19203fb59991df98e3a287050d4647cdeaf32499"
  integrity sha512-RdJUflcE3cUzKiMqQgsCu06FPu9UdIJO0beYbPhHN4k6apgJtifcoCtT9bcxOpYBtpD2kCM6Sbzg4CausW/PKQ==

merge-stream@^2.0.0:
  version "2.0.0"
  resolved "https://registry.npmmirror.com/merge-stream/-/merge-stream-2.0.0.tgz#52823629a14dd00c9770fb6ad47dc6310f2c1f60"
  integrity sha512-abv/qOcuPfk3URPfDzmZU1LKmuw8kT+0nIHvKrKgFrwifol/doWcdA4ZqsWQ8ENrFKkd67Mfpo/LovbIUsbt3w==

path-parse@^1.0.7:
  version "1.0.7"
  resolved "https://registry.npmmirror.com/path-parse/-/path-parse-1.0.7.tgz#fbc114b60ca42b30d9daf5858e4bd68bbedb6735"
  integrity sha512-LDJzPVEEEPR+y48z93A0Ed0yXb8pAByGWo/k5YYdYgpY2/2EsOsksJrq7lOHxryrVOn1ejG6oAp8ahvOIQD8sw==

picomatch@^2.2.2:
  version "2.3.1"
  resolved "https://registry.npmmirror.com/picomatch/-/picomatch-2.3.1.tgz#3ba3833733646d9d3e4995946c1365a67fb07a42"
  integrity sha512-JU3teHTNjmE2VCGFzuY8EXzCDVwEqB2a8fsIvwaStHhAWJEeVd1o1QD80CU6+ZdEXXSLbSsuLwJjkCBWqRQUVA==

randombytes@^2.1.0:
  version "2.1.0"
  resolved "https://registry.npmmirror.com/randombytes/-/randombytes-2.1.0.tgz#df6f84372f0270dc65cdf6291349ab7a473d4f2a"
  integrity sha512-vYl3iOX+4CKUWuxGi9Ukhie6fsqXqS9FE2Zaic4tNFD2N2QQaXOMFbuKK4QmDHC0JO6B1Zp41J0LpT0oR68amQ==
  dependencies:
    safe-buffer "^5.1.0"

resolve@^1.19.0:
  version "1.22.1"
  resolved "https://registry.npmmirror.com/resolve/-/resolve-1.22.1.tgz#27cb2ebb53f91abb49470a928bba7558066ac177"
  integrity sha512-nBpuuYuY5jFsli/JIs1oldw6fOQCBioohqWZg/2hiaOybXOft4lonv85uDOKXdf8rhyK159cxU5cDcK/NKk8zw==
  dependencies:
    is-core-module "^2.9.0"
    path-parse "^1.0.7"
    supports-preserve-symlinks-flag "^1.0.0"

rollup-plugin-terser@^7.0.2:
  version "7.0.2"
  resolved "https://registry.npmmirror.com/rollup-plugin-terser/-/rollup-plugin-terser-7.0.2.tgz#e8fbba4869981b2dc35ae7e8a502d5c6c04d324d"
  integrity sha512-w3iIaU4OxcF52UUXiZNsNeuXIMDvFrr+ZXK6bFZ0Q60qyVfq4uLptoS4bbq3paG3x216eQllFZX7zt6TIImguQ==
  dependencies:
    "@babel/code-frame" "^7.10.4"
    jest-worker "^26.2.1"
    serialize-javascript "^4.0.0"
    terser "^5.0.0"

rollup@^2.58.0:
  version "2.79.1"
  resolved "https://registry.npmmirror.com/rollup/-/rollup-2.79.1.tgz#bedee8faef7c9f93a2647ac0108748f497f081c7"
  integrity sha512-uKxbd0IhMZOhjAiD5oAFp7BqvkA4Dv47qpOCtaNvng4HBwdbWtdOh8f5nZNuk2rp51PMGk3bzfWu5oayNEuYnw==
  optionalDependencies:
    fsevents "~2.3.2"

safe-buffer@^5.1.0:
  version "5.2.1"
  resolved "https://registry.npmmirror.com/safe-buffer/-/safe-buffer-5.2.1.tgz#1eaf9fa9bdb1fdd4ec75f58f9cdb4e6b7827eec6"
  integrity sha512-rp3So07KcdmmKbGvgaNxQSJr7bGVSVk5S9Eq1F+ppbRo70+YeaDxkw5Dd8NPN+GD6bjnYm2VuPuCXmpuYvmCXQ==

serialize-javascript@^4.0.0:
  version "4.0.0"
  resolved "https://registry.npmmirror.com/serialize-javascript/-/serialize-javascript-4.0.0.tgz#b525e1238489a5ecfc42afacc3fe99e666f4b1aa"
  integrity sha512-GaNA54380uFefWghODBWEGisLZFj00nS5ACs6yHa9nLqlLpVLO8ChDGeKRjZnV4Nh4n0Qi7nhYZD/9fCPzEqkw==
  dependencies:
    randombytes "^2.1.0"

source-map-support@~0.5.20:
  version "0.5.21"
  resolved "https://registry.npmmirror.com/source-map-support/-/source-map-support-0.5.21.tgz#04fe7c7f9e1ed2d662233c28cb2b35b9f63f6e4f"
  integrity sha512-uBHU3L3czsIyYXKX88fdrGovxdSCoTGDRZ6SYXtSRxLZUzHg5P/66Ht6uoUlHu9EZod+inXhKo3qQgwXUT/y1w==
  dependencies:
    buffer-from "^1.0.0"
    source-map "^0.6.0"

source-map@^0.6.0:
  version "0.6.1"
  resolved "https://registry.npmmirror.com/source-map/-/source-map-0.6.1.tgz#74722af32e9614e9c287a8d0bbde48b5e2f1a263"
  integrity sha512-UjgapumWlbMhkBgzT7Ykc5YXUT46F0iKu8SGXq0bcwP5dz/h0Plj6enJqjz1Zbq2l5WaqYnrVbwWOWMyF3F47g==

style-mod@^4.0.0:
  version "4.0.0"
  resolved "https://registry.npmmirror.com/style-mod/-/style-mod-4.0.0.tgz#97e7c2d68b592975f2ca7a63d0dd6fcacfe35a01"
  integrity sha512-OPhtyEjyyN9x3nhPsu76f52yUGXiZcgvsrFVtvTkyGRQJ0XK+GPc6ov1z+lRpbeabka+MYEQxOYRnt5nF30aMw==

supports-color@^5.3.0:
  version "5.5.0"
  resolved "https://registry.npmmirror.com/supports-color/-/supports-color-5.5.0.tgz#e2e69a44ac8772f78a1ec0b35b689df6530efc8f"
  integrity sha512-QjVjwdXIt408MIiAqCX4oUKsgU2EqAGzs2Ppkm4aQYbjm+ZEWEcW4SfFNTr4uMNZma0ey4f5lgLrkB0aX0QMow==
  dependencies:
    has-flag "^3.0.0"

supports-color@^7.0.0:
  version "7.2.0"
  resolved "https://registry.npmmirror.com/supports-color/-/supports-color-7.2.0.tgz#1b7dcdcb32b8138801b3e478ba6a51caa89648da"
  integrity sha512-qpCAvRl9stuOHveKsn7HncJRvv501qIacKzQlO/+Lwxc9+0q2wLyv4Dfvt80/DPn2pqOBsJdDiogXGR9+OvwRw==
  dependencies:
    has-flag "^4.0.0"

supports-preserve-symlinks-flag@^1.0.0:
  version "1.0.0"
  resolved "https://registry.npmmirror.com/supports-preserve-symlinks-flag/-/supports-preserve-symlinks-flag-1.0.0.tgz#6eda4bd344a3c94aea376d4cc31bc77311039e09"
  integrity sha512-ot0WnXS9fgdkgIcePe6RHNk1WA8+muPa6cSjeR3V8K27q9BB1rTE3R1p7Hv0z1ZyAc8s6Vvv8DIyWf681MAt0w==

terser@^5.0.0:
  version "5.15.0"
  resolved "https://registry.npmmirror.com/terser/-/terser-5.15.0.tgz#e16967894eeba6e1091509ec83f0c60e179f2425"
  integrity sha512-L1BJiXVmheAQQy+as0oF3Pwtlo4s3Wi1X2zNZ2NxOB4wx9bdS9Vk67XQENLFdLYGCK/Z2di53mTj/hBafR+dTA==
  dependencies:
    "@jridgewell/source-map" "^0.3.2"
    acorn "^8.5.0"
    commander "^2.20.0"
    source-map-support "~0.5.20"

w3c-keyname@^2.2.4:
  version "2.2.6"
  resolved "https://registry.npmmirror.com/w3c-keyname/-/w3c-keyname-2.2.6.tgz#8412046116bc16c5d73d4e612053ea10a189c85f"
  integrity sha512-f+fciywl1SJEniZHD6H+kUO8gOnwIr7f4ijKA6+ZvJFjeGi1r4PDLl53Ayud9O/rk64RqgoQine0feoeOU0kXg==
